
Microsoft Visual Studio Solution File, Format Version 12.00
# Visual Studio Version 17
VisualStudioVersion = 17.4.33403.182
MinimumVisualStudioVersion = 10.0.40219.1
Project("{FAE04EC0-301F-11D3-BF4B-00C04F79EFBC}") = "NumberGuessing", "NumberGuessing\NumberGuessing.csproj", "{0A962CB0-A721-48B0-9894-2BF624EE6349}"
EndProject
Global
	GlobalSection(SolutionConfigurationPlatforms) = preSolution
		Debug|Any CPU = Debug|Any CPU
		Release|Any CPU = Release|Any CPU
	EndGlobalSection
	GlobalSection(ProjectConfigurationPlatforms) = postSolution
		{0A962CB0-A721-48B0-9894-2BF624EE6349}.Debug|Any CPU.ActiveCfg = Debug|Any CPU
		{0A962CB0-A721-48B0-9894-2BF624EE6349}.Debug|Any CPU.Build.0 = Debug|Any CPU
		{0A962CB0-A721-48B0-9894-2BF624EE6349}.Release|Any CPU.ActiveCfg = Release|Any CPU
		{0A962CB0-A721-48B0-9894-2BF624EE6349}.Release|Any CPU.Build.0 = Release|Any CPU
	EndGlobalSection
	GlobalSection(SolutionProperties) = preSolution
		HideSolutionNode = FALSE
	EndGlobalSection
	GlobalSection(ExtensibilityGlobals) = postSolution
		SolutionGuid = {00EB9B30-5FAF-4BE4-8848-B77C3A73D9B6}
	EndGlobalSection
EndGlobal
